
Microsoft Visual Studio Solution File, Format Version 12.00
# Visual Studio 14
VisualStudioVersion = 14.0.25420.1
MinimumVisualStudioVersion = 10.0.40219.1
Project("{FAE04EC0-301F-11D3-BF4B-00C04F79EFBC}") = "PotterShoppingCart", "PotterShoppingCart\PotterShoppingCart.csproj", "{3154A1AF-E0AD-4992-B200-DEFE3A7F4BB9}"
EndProject
Project("{FAE04EC0-301F-11D3-BF4B-00C04F79EFBC}") = "PotterShoppingCartTests", "PotterShoppingCartTests\PotterShoppingCartTests.csproj", "{30ACA3B2-C0BA-4C92-87DC-78D3465970BD}"
EndProject
Global
	GlobalSection(SolutionConfigurationPlatforms) = preSolution
		Debug|Any CPU = Debug|Any CPU
		Release|Any CPU = Release|Any CPU
	EndGlobalSection
	GlobalSection(ProjectConfigurationPlatforms) = postSolution
		{3154A1AF-E0AD-4992-B200-DEFE3A7F4BB9}.Debug|Any CPU.ActiveCfg = Debug|Any CPU
		{3154A1AF-E0AD-4992-B200-DEFE3A7F4BB9}.Debug|Any CPU.Build.0 = Debug|Any CPU
		{3154A1AF-E0AD-4992-B200-DEFE3A7F4BB9}.Release|Any CPU.ActiveCfg = Release|Any CPU
		{3154A1AF-E0AD-4992-B200-DEFE3A7F4BB9}.Release|Any CPU.Build.0 = Release|Any CPU
		{30ACA3B2-C0BA-4C92-87DC-78D3465970BD}.Debug|Any CPU.ActiveCfg = Debug|Any CPU
		{30ACA3B2-C0BA-4C92-87DC-78D3465970BD}.Debug|Any CPU.Build.0 = Debug|Any CPU
		{30ACA3B2-C0BA-4C92-87DC-78D3465970BD}.Release|Any CPU.ActiveCfg = Release|Any CPU
		{30ACA3B2-C0BA-4C92-87DC-78D3465970BD}.Release|Any CPU.Build.0 = Release|Any CPU
	EndGlobalSection
	GlobalSection(SolutionProperties) = preSolution
		HideSolutionNode = FALSE
	EndGlobalSection
EndGlobal
